
Microsoft Visual Studio Solution File, Format Version 11.00
# Visual Studio 2010
Project("{8BC9CEB8-8B4A-11D0-8D11-00A0C91BC942}") = "15-4", "15-4\15-4.vcxproj", "{0141FAC5-2961-442E-88CC-18FE5C2A6A56}"
EndProject
Global
	GlobalSection(SolutionConfigurationPlatforms) = preSolution
		Debug|Win32 = Debug|Win32
		Release|Win32 = Release|Win32
	EndGlobalSection
	GlobalSection(ProjectConfigurationPlatforms) = postSolution
		{0141FAC5-2961-442E-88CC-18FE5C2A6A56}.Debug|Win32.ActiveCfg = Debug|Win32
		{0141FAC5-2961-442E-88CC-18FE5C2A6A56}.Debug|Win32.Build.0 = Debug|Win32
		{0141FAC5-2961-442E-88CC-18FE5C2A6A56}.Release|Win32.ActiveCfg = Release|Win32
		{0141FAC5-2961-442E-88CC-18FE5C2A6A56}.Release|Win32.Build.0 = Release|Win32
	EndGlobalSection
	GlobalSection(SolutionProperties) = preSolution
		HideSolutionNode = FALSE
	EndGlobalSection
EndGlobal
